
Microsoft Visual Studio Solution File, Format Version 12.00
# Visual Studio Version 16
VisualStudioVersion = 16.0.30404.54
MinimumVisualStudioVersion = 10.0.40219.1
Project("{2150E333-8FDC-42A3-9474-1A3956D46DE8}") = "Solution Items", "Solution Items", "{9DB4DAF2-7CEB-4A7A-956E-A7A4F0190BD7}"
	ProjectSection(SolutionItems) = preProject
		.editorconfig = .editorconfig
		.gitattributes = .gitattributes
		.gitignore = .gitignore
		Directory.Build.props = Directory.Build.props
		README.md = README.md
		settings.xamlstyler = settings.xamlstyler
		version.json = version.json
	EndProjectSection
EndProject
Project("{2150E333-8FDC-42A3-9474-1A3956D46DE8}") = "Samples", "Samples", "{60A60F2A-37CA-4980-BA77-1B62DB85EFFF}"
EndProject
Project("{2150E333-8FDC-42A3-9474-1A3956D46DE8}") = "Src", "Src", "{4710C68D-05B4-4DEF-94F4-286FEDB487A3}"
EndProject
Project("{9A19103F-16F7-4668-BE54-9A1E7A4F7556}") = "Avalonia.ColorPicker", "src\Avalonia.ColorPicker\Avalonia.ColorPicker.csproj", "{8E30579D-2064-4441-8C1D-DD0B2B275650}"
EndProject
Project("{9A19103F-16F7-4668-BE54-9A1E7A4F7556}") = "Avalonia.ColorPicker.Sample", "samples\Avalonia.ColorPicker.Sample\Avalonia.ColorPicker.Sample.csproj", "{44800B0B-6DE7-466C-BBB2-1712D108574E}"
EndProject
Project("{2150E333-8FDC-42A3-9474-1A3956D46DE8}") = "Tests", "Tests", "{266FDA35-FF72-47E6-8EF8-773F788F2310}"
EndProject
Project("{FAE04EC0-301F-11D3-BF4B-00C04F79EFBC}") = "Avalonia.ColorPicker.Tests", "tests\Avalonia.ColorPicker.Tests\Avalonia.ColorPicker.Tests.csproj", "{564785C7-1AEA-444F-9AD5-CECBFB5ED356}"
EndProject
Global
	GlobalSection(SolutionConfigurationPlatforms) = preSolution
		Debug|Any CPU = Debug|Any CPU
		Release|Any CPU = Release|Any CPU
	EndGlobalSection
	GlobalSection(ProjectConfigurationPlatforms) = postSolution
		{8E30579D-2064-4441-8C1D-DD0B2B275650}.Debug|Any CPU.ActiveCfg = Debug|Any CPU
		{8E30579D-2064-4441-8C1D-DD0B2B275650}.Debug|Any CPU.Build.0 = Debug|Any CPU
		{8E30579D-2064-4441-8C1D-DD0B2B275650}.Release|Any CPU.ActiveCfg = Release|Any CPU
		{8E30579D-2064-4441-8C1D-DD0B2B275650}.Release|Any CPU.Build.0 = Release|Any CPU
		{44800B0B-6DE7-466C-BBB2-1712D108574E}.Debug|Any CPU.ActiveCfg = Debug|Any CPU
		{44800B0B-6DE7-466C-BBB2-1712D108574E}.Debug|Any CPU.Build.0 = Debug|Any CPU
		{44800B0B-6DE7-466C-BBB2-1712D108574E}.Release|Any CPU.ActiveCfg = Release|Any CPU
		{44800B0B-6DE7-466C-BBB2-1712D108574E}.Release|Any CPU.Build.0 = Release|Any CPU
		{564785C7-1AEA-444F-9AD5-CECBFB5ED356}.Debug|Any CPU.ActiveCfg = Debug|Any CPU
		{564785C7-1AEA-444F-9AD5-CECBFB5ED356}.Debug|Any CPU.Build.0 = Debug|Any CPU
		{564785C7-1AEA-444F-9AD5-CECBFB5ED356}.Release|Any CPU.ActiveCfg = Release|Any CPU
		{564785C7-1AEA-444F-9AD5-CECBFB5ED356}.Release|Any CPU.Build.0 = Release|Any CPU
	EndGlobalSection
	GlobalSection(SolutionProperties) = preSolution
		HideSolutionNode = FALSE
	EndGlobalSection
	GlobalSection(NestedProjects) = preSolution
		{8E30579D-2064-4441-8C1D-DD0B2B275650} = {4710C68D-05B4-4DEF-94F4-286FEDB487A3}
		{44800B0B-6DE7-466C-BBB2-1712D108574E} = {60A60F2A-37CA-4980-BA77-1B62DB85EFFF}
		{564785C7-1AEA-444F-9AD5-CECBFB5ED356} = {266FDA35-FF72-47E6-8EF8-773F788F2310}
	EndGlobalSection
	GlobalSection(ExtensibilityGlobals) = postSolution
		SolutionGuid = {7E15C832-77E4-4E6E-ACC7-322AA2581AA2}
	EndGlobalSection
EndGlobal
